// !$*UTF8*$!
{
	archiveVersion = 1;
	classes = {
	};
	objectVersion = 55;
	objects = {

/* Begin PBXBuildFile section */
		FBD72B6E27A6C543006ED9E3 /* TodoAppApp.swift in Sources */ = {isa = PBXBuildFile; fileRef = FBD72B6D27A6C543006ED9E3 /* TodoAppApp.swift */; };
		FBD72B7027A6C543006ED9E3 /* ContentView.swift in Sources */ = {isa = PBXBuildFile; fileRef = FBD72B6F27A6C543006ED9E3 /* ContentView.swift */; };
		FBD72B7227A6C543006ED9E3 /* Assets.xcassets in Resources */ = {isa = PBXBuildFile; fileRef = FBD72B7127A6C543006ED9E3 /* Assets.xcassets */; };
		FBD72B7527A6C543006ED9E3 /* Preview Assets.xcassets in Resources */ = {isa = PBXBuildFile; fileRef = FBD72B7427A6C543006ED9E3 /* Preview Assets.xcassets */; };
		FBD72B7F27A6C543006ED9E3 /* TodoAppTests.swift in Sources */ = {isa = PBXBuildFile; fileRef = FBD72B7E27A6C543006ED9E3 /* TodoAppTests.swift */; };
		FBD72B8927A6C543006ED9E3 /* TodoAppUITests.swift in Sources */ = {isa = PBXBuildFile; fileRef = FBD72B8827A6C543006ED9E3 /* TodoAppUITests.swift */; };
		FBD72B8B27A6C543006ED9E3 /* TodoAppUITestsLaunchTests.swift in Sources */ = {isa = PBXBuildFile; fileRef = FBD72B8A27A6C543006ED9E3 /* TodoAppUITestsLaunchTests.swift */; };
		FBD72B9A27A6C5C6006ED9E3 /* Task.swift in Sources */ = {isa = PBXBuildFile; fileRef = FBD72B9927A6C5C6006ED9E3 /* Task.swift */; };
		FBD72B9D27A6C61C006ED9E3 /* TaskViewModel.swift in Sources */ = {isa = PBXBuildFile; fileRef = FBD72B9C27A6C61C006ED9E3 /* TaskViewModel.swift */; };
		FBD72B9F27A6C65A006ED9E3 /* Home.swift in Sources */ = {isa = PBXBuildFile; fileRef = FBD72B9E27A6C65A006ED9E3 /* Home.swift */; };
/* End PBXBuildFile section */

/* Begin PBXContainerItemProxy section */
		FBD72B7B27A6C543006ED9E3 /* PBXContainerItemProxy */ = {
			isa = PBXContainerItemProxy;
			containerPortal = FBD72B6227A6C542006ED9E3 /* Project object */;
			proxyType = 1;
			remoteGlobalIDString = FBD72B6927A6C542006ED9E3;
			remoteInfo = TodoApp;
		};
		FBD72B8527A6C543006ED9E3 /* PBXContainerItemProxy */ = {
			isa = PBXContainerItemProxy;
			containerPortal = FBD72B6227A6C542006ED9E3 /* Project object */;
			proxyType = 1;
			remoteGlobalIDString = FBD72B6927A6C542006ED9E3;
			remoteInfo = TodoApp;
		};
/* End PBXContainerItemProxy section */

/* Begin PBXFileReference section */
		FBD72B6A27A6C543006ED9E3 /* TodoApp.app */ = {isa = PBXFileReference; explicitFileType = wrapper.application; includeInIndex = 0; path = TodoApp.app; sourceTree = BUILT_PRODUCTS_DIR; };
		FBD72B6D27A6C543006ED9E3 /* TodoAppApp.swift */ = {isa = PBXFileReference; lastKnownFileType = sourcecode.swift; path = TodoAppApp.swift; sourceTree = "<group>"; };
		FBD72B6F27A6C543006ED9E3 /* ContentView.swift */ = {isa = PBXFileReference; lastKnownFileType = sourcecode.swift; path = ContentView.swift; sourceTree = "<group>"; };
		FBD72B7127A6C543006ED9E3 /* Assets.xcassets */ = {isa = PBXFileReference; lastKnownFileType = folder.assetcatalog; path = Assets.xcassets; sourceTree = "<group>"; };
		FBD72B7427A6C543006ED9E3 /* Preview Assets.xcassets */ = {isa = PBXFileReference; lastKnownFileType = folder.assetcatalog; path = "Preview Assets.xcassets"; sourceTree = "<group>"; };
		FBD72B7A27A6C543006ED9E3 /* TodoAppTests.xctest */ = {isa = PBXFileReference; explicitFileType = wrapper.cfbundle; includeInIndex = 0; path = TodoAppTests.xctest; sourceTree = BUILT_PRODUCTS_DIR; };
		FBD72B7E27A6C543006ED9E3 /* TodoAppTests.swift */ = {isa = PBXFileReference; lastKnownFileType = sourcecode.swift; path = TodoAppTests.swift; sourceTree = "<group>"; };
		FBD72B8427A6C543006ED9E3 /* TodoAppUITests.xctest */ = {isa = PBXFileReference; explicitFileType = wrapper.cfbundle; includeInIndex = 0; path = TodoAppUITests.xctest; sourceTree = BUILT_PRODUCTS_DIR; };
		FBD72B8827A6C543006ED9E3 /* TodoAppUITests.swift */ = {isa = PBXFileReference; lastKnownFileType = sourcecode.swift; path = TodoAppUITests.swift; sourceTree = "<group>"; };
		FBD72B8A27A6C543006ED9E3 /* TodoAppUITestsLaunchTests.swift */ = {isa = PBXFileReference; lastKnownFileType = sourcecode.swift; path = TodoAppUITestsLaunchTests.swift; sourceTree = "<group>"; };
		FBD72B9927A6C5C6006ED9E3 /* Task.swift */ = {isa = PBXFileReference; lastKnownFileType = sourcecode.swift; path = Task.swift; sourceTree = "<group>"; };
		FBD72B9C27A6C61C006ED9E3 /* TaskViewModel.swift */ = {isa = PBXFileReference; lastKnownFileType = sourcecode.swift; path = TaskViewModel.swift; sourceTree = "<group>"; };
		FBD72B9E27A6C65A006ED9E3 /* Home.swift */ = {isa = PBXFileReference; lastKnownFileType = sourcecode.swift; path = Home.swift; sourceTree = "<group>"; };
/* End PBXFileReference section */

/* Begin PBXFrameworksBuildPhase section */
		FBD72B6727A6C542006ED9E3 /* Frameworks */ = {
			isa = PBXFrameworksBuildPhase;
			buildActionMask = 2147483647;
			files = (
			);
			runOnlyForDeploymentPostprocessing = 0;
		};
		FBD72B7727A6C543006ED9E3 /* Frameworks */ = {
			isa = PBXFrameworksBuildPhase;
			buildActionMask = 2147483647;
			files = (
			);
			runOnlyForDeploymentPostprocessing = 0;
		};
		FBD72B8127A6C543006ED9E3 /* Frameworks */ = {
			isa = PBXFrameworksBuildPhase;
			buildActionMask = 2147483647;
			files = (
			);
			runOnlyForDeploymentPostprocessing = 0;
		};
/* End PBXFrameworksBuildPhase section */

/* Begin PBXGroup section */
		FBD72B6127A6C542006ED9E3 = {
			isa = PBXGroup;
			children = (
				FBD72B6C27A6C543006ED9E3 /* TodoApp */,
				FBD72B7D27A6C543006ED9E3 /* TodoAppTests */,
				FBD72B8727A6C543006ED9E3 /* TodoAppUITests */,
				FBD72B6B27A6C543006ED9E3 /* Products */,
			);
			sourceTree = "<group>";
		};
		FBD72B6B27A6C543006ED9E3 /* Products */ = {
			isa = PBXGroup;
			children = (
				FBD72B6A27A6C543006ED9E3 /* TodoApp.app */,
				FBD72B7A27A6C543006ED9E3 /* TodoAppTests.xctest */,
				FBD72B8427A6C543006ED9E3 /* TodoAppUITests.xctest */,
			);
			name = Products;
			sourceTree = "<group>";
		};
		FBD72B6C27A6C543006ED9E3 /* TodoApp */ = {
			isa = PBXGroup;
			children = (
				FBD72B9B27A6C60E006ED9E3 /* ViewModel */,
				FBD72B9827A6C5A7006ED9E3 /* View */,
				FBD72B9727A6C5A1006ED9E3 /* Model */,
				FBD72B6D27A6C543006ED9E3 /* TodoAppApp.swift */,
				FBD72B6F27A6C543006ED9E3 /* ContentView.swift */,
				FBD72B7127A6C543006ED9E3 /* Assets.xcassets */,
				FBD72B7327A6C543006ED9E3 /* Preview Content */,
			);
			path = TodoApp;
			sourceTree = "<group>";
		};
		FBD72B7327A6C543006ED9E3 /* Preview Content */ = {
			isa = PBXGroup;
			children = (
				FBD72B7427A6C543006ED9E3 /* Preview Assets.xcassets */,
			);
			path = "Preview Content";
			sourceTree = "<group>";
		};
		FBD72B7D27A6C543006ED9E3 /* TodoAppTests */ = {
			isa = PBXGroup;
			children = (
				FBD72B7E27A6C543006ED9E3 /* TodoAppTests.swift */,
			);
			path = TodoAppTests;
			sourceTree = "<group>";
		};
		FBD72B8727A6C543006ED9E3 /* TodoAppUITests */ = {
			isa = PBXGroup;
			children = (
				FBD72B8827A6C543006ED9E3 /* TodoAppUITests.swift */,
				FBD72B8A27A6C543006ED9E3 /* TodoAppUITestsLaunchTests.swift */,
			);
			path = TodoAppUITests;
			sourceTree = "<group>";
		};
		FBD72B9727A6C5A1006ED9E3 /* Model */ = {
			isa = PBXGroup;
			children = (
				FBD72B9927A6C5C6006ED9E3 /* Task.swift */,
			);
			path = Model;
			sourceTree = "<group>";
		};
		FBD72B9827A6C5A7006ED9E3 /* View */ = {
			isa = PBXGroup;
			children = (
				FBD72B9E27A6C65A006ED9E3 /* Home.swift */,
			);
			path = View;
			sourceTree = "<group>";
		};
		FBD72B9B27A6C60E006ED9E3 /* ViewModel */ = {
			isa = PBXGroup;
			children = (
				FBD72B9C27A6C61C006ED9E3 /* TaskViewModel.swift */,
			);
			path = ViewModel;
			sourceTree = "<group>";
		};
/* End PBXGroup section */

/* Begin PBXNativeTarget section */
		FBD72B6927A6C542006ED9E3 /* TodoApp */ = {
			isa = PBXNativeTarget;
			buildConfigurationList = FBD72B8E27A6C543006ED9E3 /* Build configuration list for PBXNativeTarget "TodoApp" */;
			buildPhases = (
				FBD72B6627A6C542006ED9E3 /* Sources */,
				FBD72B6727A6C542006ED9E3 /* Frameworks */,
				FBD72B6827A6C542006ED9E3 /* Resources */,
			);
			buildRules = (
			);
			dependencies = (
			);
			name = TodoApp;
			productName = TodoApp;
			productReference = FBD72B6A27A6C543006ED9E3 /* TodoApp.app */;
			productType = "com.apple.product-type.application";
		};
		FBD72B7927A6C543006ED9E3 /* TodoAppTests */ = {
			isa = PBXNativeTarget;
			buildConfigurationList = FBD72B9127A6C543006ED9E3 /* Build configuration list for PBXNativeTarget "TodoAppTests" */;
			buildPhases = (
				FBD72B7627A6C543006ED9E3 /* Sources */,
				FBD72B7727A6C543006ED9E3 /* Frameworks */,
				FBD72B7827A6C543006ED9E3 /* Resources */,
			);
			buildRules = (
			);
			dependencies = (
				FBD72B7C27A6C543006ED9E3 /* PBXTargetDependency */,
			);
			name = TodoAppTests;
			productName = TodoAppTests;
			productReference = FBD72B7A27A6C543006ED9E3 /* TodoAppTests.xctest */;
			productType = "com.apple.product-type.bundle.unit-test";
		};
		FBD72B8327A6C543006ED9E3 /* TodoAppUITests */ = {
			isa = PBXNativeTarget;
			buildConfigurationList = FBD72B9427A6C543006ED9E3 /* Build configuration list for PBXNativeTarget "TodoAppUITests" */;
			buildPhases = (
				FBD72B8027A6C543006ED9E3 /* Sources */,
				FBD72B8127A6C543006ED9E3 /* Frameworks */,
				FBD72B8227A6C543006ED9E3 /* Resources */,
			);
			buildRules = (
			);
			dependencies = (
				FBD72B8627A6C543006ED9E3 /* PBXTargetDependency */,
			);
			name = TodoAppUITests;
			productName = TodoAppUITests;
			productReference = FBD72B8427A6C543006ED9E3 /* TodoAppUITests.xctest */;
			productType = "com.apple.product-type.bundle.ui-testing";
		};
/* End PBXNativeTarget section */

/* Begin PBXProject section */
		FBD72B6227A6C542006ED9E3 /* Project object */ = {
			isa = PBXProject;
			attributes = {
				BuildIndependentTargetsInParallel = 1;
				LastSwiftUpdateCheck = 1310;
				LastUpgradeCheck = 1310;
				TargetAttributes = {
					FBD72B6927A6C542006ED9E3 = {
						CreatedOnToolsVersion = 13.1;
					};
					FBD72B7927A6C543006ED9E3 = {
						CreatedOnToolsVersion = 13.1;
						TestTargetID = FBD72B6927A6C542006ED9E3;
					};
					FBD72B8327A6C543006ED9E3 = {
						CreatedOnToolsVersion = 13.1;
						TestTargetID = FBD72B6927A6C542006ED9E3;
					};
				};
			};
			buildConfigurationList = FBD72B6527A6C542006ED9E3 /* Build configuration list for PBXProject "TodoApp" */;
			compatibilityVersion = "Xcode 13.0";
			developmentRegion = en;
			hasScannedForEncodings = 0;
			knownRegions = (
				en,
				Base,
			);
			mainGroup = FBD72B6127A6C542006ED9E3;
			productRefGroup = FBD72B6B27A6C543006ED9E3 /* Products */;
			projectDirPath = "";
			projectRoot = "";
			targets = (
				FBD72B6927A6C542006ED9E3 /* TodoApp */,
				FBD72B7927A6C543006ED9E3 /* TodoAppTests */,
				FBD72B8327A6C543006ED9E3 /* TodoAppUITests */,
			);
		};
/* End PBXProject section */

/* Begin PBXResourcesBuildPhase section */
		FBD72B6827A6C542006ED9E3 /* Resources */ = {
			isa = PBXResourcesBuildPhase;
			buildActionMask = 2147483647;
			files = (
				FBD72B7527A6C543006ED9E3 /* Preview Assets.xcassets in Resources */,
				FBD72B7227A6C543006ED9E3 /* Assets.xcassets in Resources */,
			);
			runOnlyForDeploymentPostprocessing = 0;
		};
		FBD72B7827A6C543006ED9E3 /* Resources */ = {
			isa = PBXResourcesBuildPhase;
			buildActionMask = 2147483647;
			files = (
			);
			runOnlyForDeploymentPostprocessing = 0;
		};
		FBD72B8227A6C543006ED9E3 /* Resources */ = {
			isa = PBXResourcesBuildPhase;
			buildActionMask = 2147483647;
			files = (
			);
			runOnlyForDeploymentPostprocessing = 0;
		};
/* End PBXResourcesBuildPhase section */

/* Begin PBXSourcesBuildPhase section */
		FBD72B6627A6C542006ED9E3 /* Sources */ = {
			isa = PBXSourcesBuildPhase;
			buildActionMask = 2147483647;
			files = (
				FBD72B7027A6C543006ED9E3 /* ContentView.swift in Sources */,
				FBD72B9D27A6C61C006ED9E3 /* TaskViewModel.swift in Sources */,
				FBD72B9F27A6C65A006ED9E3 /* Home.swift in Sources */,
				FBD72B9A27A6C5C6006ED9E3 /* Task.swift in Sources */,
				FBD72B6E27A6C543006ED9E3 /* TodoAppApp.swift in Sources */,
			);
			runOnlyForDeploymentPostprocessing = 0;
		};
		FBD72B7627A6C543006ED9E3 /* Sources */ = {
			isa = PBXSourcesBuildPhase;
			buildActionMask = 2147483647;
			files = (
				FBD72B7F27A6C543006ED9E3 /* TodoAppTests.swift in Sources */,
			);
			runOnlyForDeploymentPostprocessing = 0;
		};
		FBD72B8027A6C543006ED9E3 /* Sources */ = {
			isa = PBXSourcesBuildPhase;
			buildActionMask = 2147483647;
			files = (
				FBD72B8B27A6C543006ED9E3 /* TodoAppUITestsLaunchTests.swift in Sources */,
				FBD72B8927A6C543006ED9E3 /* TodoAppUITests.swift in Sources */,
			);
			runOnlyForDeploymentPostprocessing = 0;
		};
/* End PBXSourcesBuildPhase section */

/* Begin PBXTargetDependency section */
		FBD72B7C27A6C543006ED9E3 /* PBXTargetDependency */ = {
			isa = PBXTargetDependency;
			target = FBD72B6927A6C542006ED9E3 /* TodoApp */;
			targetProxy = FBD72B7B27A6C543006ED9E3 /* PBXContainerItemProxy */;
		};
		FBD72B8627A6C543006ED9E3 /* PBXTargetDependency */ = {
			isa = PBXTargetDependency;
			target = FBD72B6927A6C542006ED9E3 /* TodoApp */;
			targetProxy = FBD72B8527A6C543006ED9E3 /* PBXContainerItemProxy */;
		};
/* End PBXTargetDependency section */

/* Begin XCBuildConfiguration section */
		FBD72B8C27A6C543006ED9E3 /* Debug */ = {
			isa = XCBuildConfiguration;
			buildSettings = {
				ALWAYS_SEARCH_USER_PATHS = NO;
				CLANG_ANALYZER_NONNULL = YES;
				CLANG_ANALYZER_NUMBER_OBJECT_CONVERSION = YES_AGGRESSIVE;
				CLANG_CXX_LANGUAGE_STANDARD = "gnu++17";
				CLANG_CXX_LIBRARY = "libc++";
				CLANG_ENABLE_MODULES = YES;
				CLANG_ENABLE_OBJC_ARC = YES;
				CLANG_ENABLE_OBJC_WEAK = YES;
				CLANG_WARN_BLOCK_CAPTURE_AUTORELEASING = YES;
				CLANG_WARN_BOOL_CONVERSION = YES;
				CLANG_WARN_COMMA = YES;
				CLANG_WARN_CONSTANT_CONVERSION = YES;
				CLANG_WARN_DEPRECATED_OBJC_IMPLEMENTATIONS = YES;
				CLANG_WARN_DIRECT_OBJC_ISA_USAGE = YES_ERROR;
				CLANG_WARN_DOCUMENTATION_COMMENTS = YES;
				CLANG_WARN_EMPTY_BODY = YES;
				CLANG_WARN_ENUM_CONVERSION = YES;
				CLANG_WARN_INFINITE_RECURSION = YES;
				CLANG_WARN_INT_CONVERSION = YES;
				CLANG_WARN_NON_LITERAL_NULL_CONVERSION = YES;
				CLANG_WARN_OBJC_IMPLICIT_RETAIN_SELF = YES;
				CLANG_WARN_OBJC_LITERAL_CONVERSION = YES;
				CLANG_WARN_OBJC_ROOT_CLASS = YES_ERROR;
				CLANG_WARN_QUOTED_INCLUDE_IN_FRAMEWORK_HEADER = YES;
				CLANG_WARN_RANGE_LOOP_ANALYSIS = YES;
				CLANG_WARN_STRICT_PROTOTYPES = YES;
				CLANG_WARN_SUSPICIOUS_MOVE = YES;
				CLANG_WARN_UNGUARDED_AVAILABILITY = YES_AGGRESSIVE;
				CLANG_WARN_UNREACHABLE_CODE = YES;
				CLANG_WARN__DUPLICATE_METHOD_MATCH = YES;
				COPY_PHASE_STRIP = NO;
				DEBUG_INFORMATION_FORMAT = dwarf;
				ENABLE_STRICT_OBJC_MSGSEND = YES;
				ENABLE_TESTABILITY = YES;
				GCC_C_LANGUAGE_STANDARD = gnu11;
				GCC_DYNAMIC_NO_PIC = NO;
				GCC_NO_COMMON_BLOCKS = YES;
				GCC_OPTIMIZATION_LEVEL = 0;
				GCC_PREPROCESSOR_DEFINITIONS = (
					"DEBUG=1",
					"$(inherited)",
				);
				GCC_WARN_64_TO_32_BIT_CONVERSION = YES;
				GCC_WARN_ABOUT_RETURN_TYPE = YES_ERROR;
				GCC_WARN_UNDECLARED_SELECTOR = YES;
				GCC_WARN_UNINITIALIZED_AUTOS = YES_AGGRESSIVE;
				GCC_WARN_UNUSED_FUNCTION = YES;
				GCC_WARN_UNUSED_VARIABLE = YES;
				IPHONEOS_DEPLOYMENT_TARGET = 15.0;
				MTL_ENABLE_DEBUG_INFO = INCLUDE_SOURCE;
				MTL_FAST_MATH = YES;
				ONLY_ACTIVE_ARCH = YES;
				SDKROOT = iphoneos;
				SWIFT_ACTIVE_COMPILATION_CONDITIONS = DEBUG;
				SWIFT_OPTIMIZATION_LEVEL = "-Onone";
			};
			name = Debug;
		};
		FBD72B8D27A6C543006ED9E3 /* Release */ = {
			isa = XCBuildConfiguration;
			buildSettings = {
				ALWAYS_SEARCH_USER_PATHS = NO;
				CLANG_ANALYZER_NONNULL = YES;
				CLANG_ANALYZER_NUMBER_OBJECT_CONVERSION = YES_AGGRESSIVE;
				CLANG_CXX_LANGUAGE_STANDARD = "gnu++17";
				CLANG_CXX_LIBRARY = "libc++";
				CLANG_ENABLE_MODULES = YES;
				CLANG_ENABLE_OBJC_ARC = YES;
				CLANG_ENABLE_OBJC_WEAK = YES;
				CLANG_WARN_BLOCK_CAPTURE_AUTORELEASING = YES;
				CLANG_WARN_BOOL_CONVERSION = YES;
				CLANG_WARN_COMMA = YES;
				CLANG_WARN_CONSTANT_CONVERSION = YES;
				CLANG_WARN_DEPRECATED_OBJC_IMPLEMENTATIONS = YES;
				CLANG_WARN_DIRECT_OBJC_ISA_USAGE = YES_ERROR;
				CLANG_WARN_DOCUMENTATION_COMMENTS = YES;
				CLANG_WARN_EMPTY_BODY = YES;
				CLANG_WARN_ENUM_CONVERSION = YES;
				CLANG_WARN_INFINITE_RECURSION = YES;
				CLANG_WARN_INT_CONVERSION = YES;
				CLANG_WARN_NON_LITERAL_NULL_CONVERSION = YES;
				CLANG_WARN_OBJC_IMPLICIT_RETAIN_SELF = YES;
				CLANG_WARN_OBJC_LITERAL_CONVERSION = YES;
				CLANG_WARN_OBJC_ROOT_CLASS = YES_ERROR;
				CLANG_WARN_QUOTED_INCLUDE_IN_FRAMEWORK_HEADER = YES;
				CLANG_WARN_RANGE_LOOP_ANALYSIS = YES;
				CLANG_WARN_STRICT_PROTOTYPES = YES;
				CLANG_WARN_SUSPICIOUS_MOVE = YES;
				CLANG_WARN_UNGUARDED_AVAILABILITY = YES_AGGRESSIVE;
				CLANG_WARN_UNREACHABLE_CODE = YES;
				CLANG_WARN__DUPLICATE_METHOD_MATCH = YES;
				COPY_PHASE_STRIP = NO;
				DEBUG_INFORMATION_FORMAT = "dwarf-with-dsym";
				ENABLE_NS_ASSERTIONS = NO;
				ENABLE_STRICT_OBJC_MSGSEND = YES;
				GCC_C_LANGUAGE_STANDARD = gnu11;
				GCC_NO_COMMON_BLOCKS = YES;
				GCC_WARN_64_TO_32_BIT_CONVERSION = YES;
				GCC_WARN_ABOUT_RETURN_TYPE = YES_ERROR;
				GCC_WARN_UNDECLARED_SELECTOR = YES;
				GCC_WARN_UNINITIALIZED_AUTOS = YES_AGGRESSIVE;
				GCC_WARN_UNUSED_FUNCTION = YES;
				GCC_WARN_UNUSED_VARIABLE = YES;
				IPHONEOS_DEPLOYMENT_TARGET = 15.0;
				MTL_ENABLE_DEBUG_INFO = NO;
				MTL_FAST_MATH = YES;
				SDKROOT = iphoneos;
				SWIFT_COMPILATION_MODE = wholemodule;
				SWIFT_OPTIMIZATION_LEVEL = "-O";
				VALIDATE_PRODUCT = YES;
			};
			name = Release;
		};
		FBD72B8F27A6C543006ED9E3 /* Debug */ = {
			isa = XCBuildConfiguration;
			buildSettings = {
				ASSETCATALOG_COMPILER_APPICON_NAME = AppIcon;
				ASSETCATALOG_COMPILER_GLOBAL_ACCENT_COLOR_NAME = AccentColor;
				CODE_SIGN_STYLE = Automatic;
				CURRENT_PROJECT_VERSION = 1;
				DEVELOPMENT_ASSET_PATHS = "\"TodoApp/Preview Content\"";
				ENABLE_PREVIEWS = YES;
				GENERATE_INFOPLIST_FILE = YES;
				INFOPLIST_KEY_UIApplicationSceneManifest_Generation = YES;
				INFOPLIST_KEY_UIApplicationSupportsIndirectInputEvents = YES;
				INFOPLIST_KEY_UILaunchScreen_Generation = YES;
				INFOPLIST_KEY_UISupportedInterfaceOrientations_iPad = "UIInterfaceOrientationPortrait UIInterfaceOrientationPortraitUpsideDown UIInterfaceOrientationLandscapeLeft UIInterfaceOrientationLandscapeRight";
				INFOPLIST_KEY_UISupportedInterfaceOrientations_iPhone = "UIInterfaceOrientationPortrait UIInterfaceOrientationLandscapeLeft UIInterfaceOrientationLandscapeRight";
				LD_RUNPATH_SEARCH_PATHS = (
					"$(inherited)",
					"@executable_path/Frameworks",
				);
				MARKETING_VERSION = 1.0;
				PRODUCT_BUNDLE_IDENTIFIER = com.hwijin.TodoApp;
				PRODUCT_NAME = "$(TARGET_NAME)";
				SWIFT_EMIT_LOC_STRINGS = YES;
				SWIFT_VERSION = 5.0;
				TARGETED_DEVICE_FAMILY = "1,2";
			};
			name = Debug;
		};
		FBD72B9027A6C543006ED9E3 /* Release */ = {
			isa = XCBuildConfiguration;
			buildSettings = {
				ASSETCATALOG_COMPILER_APPICON_NAME = AppIcon;
				ASSETCATALOG_COMPILER_GLOBAL_ACCENT_COLOR_NAME = AccentColor;
				CODE_SIGN_STYLE = Automatic;
				CURRENT_PROJECT_VERSION = 1;
				DEVELOPMENT_ASSET_PATHS = "\"TodoApp/Preview Content\"";
				ENABLE_PREVIEWS = YES;
				GENERATE_INFOPLIST_FILE = YES;
				INFOPLIST_KEY_UIApplicationSceneManifest_Generation = YES;
				INFOPLIST_KEY_UIApplicationSupportsIndirectInputEvents = YES;
				INFOPLIST_KEY_UILaunchScreen_Generation = YES;
				INFOPLIST_KEY_UISupportedInterfaceOrientations_iPad = "UIInterfaceOrientationPortrait UIInterfaceOrientationPortraitUpsideDown UIInterfaceOrientationLandscapeLeft UIInterfaceOrientationLandscapeRight";
				INFOPLIST_KEY_UISupportedInterfaceOrientations_iPhone = "UIInterfaceOrientationPortrait UIInterfaceOrientationLandscapeLeft UIInterfaceOrientationLandscapeRight";
				LD_RUNPATH_SEARCH_PATHS = (
					"$(inherited)",
					"@executable_path/Frameworks",
				);
				MARKETING_VERSION = 1.0;
				PRODUCT_BUNDLE_IDENTIFIER = com.hwijin.TodoApp;
				PRODUCT_NAME = "$(TARGET_NAME)";
				SWIFT_EMIT_LOC_STRINGS = YES;
				SWIFT_VERSION = 5.0;
				TARGETED_DEVICE_FAMILY = "1,2";
			};
			name = Release;
		};
		FBD72B9227A6C543006ED9E3 /* Debug */ = {
			isa = XCBuildConfiguration;
			buildSettings = {
				ALWAYS_EMBED_SWIFT_STANDARD_LIBRARIES = YES;
				BUNDLE_LOADER = "$(TEST_HOST)";
				CODE_SIGN_STYLE = Automatic;
				CURRENT_PROJECT_VERSION = 1;
				GENERATE_INFOPLIST_FILE = YES;
				IPHONEOS_DEPLOYMENT_TARGET = 15.0;
				LD_RUNPATH_SEARCH_PATHS = (
					"$(inherited)",
					"@executable_path/Frameworks",
					"@loader_path/Frameworks",
				);
				MARKETING_VERSION = 1.0;
				PRODUCT_BUNDLE_IDENTIFIER = com.hwijin.TodoAppTests;
				PRODUCT_NAME = "$(TARGET_NAME)";
				SWIFT_EMIT_LOC_STRINGS = NO;
				SWIFT_VERSION = 5.0;
				TARGETED_DEVICE_FAMILY = "1,2";
				TEST_HOST = "$(BUILT_PRODUCTS_DIR)/TodoApp.app/TodoApp";
			};
			name = Debug;
		};
		FBD72B9327A6C543006ED9E3 /* Release */ = {
			isa = XCBuildConfiguration;
			buildSettings = {
				ALWAYS_EMBED_SWIFT_STANDARD_LIBRARIES = YES;
				BUNDLE_LOADER = "$(TEST_HOST)";
				CODE_SIGN_STYLE = Automatic;
				CURRENT_PROJECT_VERSION = 1;
				GENERATE_INFOPLIST_FILE = YES;
				IPHONEOS_DEPLOYMENT_TARGET = 15.0;
				LD_RUNPATH_SEARCH_PATHS = (
					"$(inherited)",
					"@executable_path/Frameworks",
					"@loader_path/Frameworks",
				);
				MARKETING_VERSION = 1.0;
				PRODUCT_BUNDLE_IDENTIFIER = com.hwijin.TodoAppTests;
				PRODUCT_NAME = "$(TARGET_NAME)";
				SWIFT_EMIT_LOC_STRINGS = NO;
				SWIFT_VERSION = 5.0;
				TARGETED_DEVICE_FAMILY = "1,2";
				TEST_HOST = "$(BUILT_PRODUCTS_DIR)/TodoApp.app/TodoApp";
			};
			name = Release;
		};
		FBD72B9527A6C543006ED9E3 /* Debug */ = {
			isa = XCBuildConfiguration;
			buildSettings = {
				ALWAYS_EMBED_SWIFT_STANDARD_LIBRARIES = YES;
				CODE_SIGN_STYLE = Automatic;
				CURRENT_PROJECT_VERSION = 1;
				GENERATE_INFOPLIST_FILE = YES;
				LD_RUNPATH_SEARCH_PATHS = (
					"$(inherited)",
					"@executable_path/Frameworks",
					"@loader_path/Frameworks",
				);
				MARKETING_VERSION = 1.0;
				PRODUCT_BUNDLE_IDENTIFIER = com.hwijin.TodoAppUITests;
				PRODUCT_NAME = "$(TARGET_NAME)";
				SWIFT_EMIT_LOC_STRINGS = NO;
				SWIFT_VERSION = 5.0;
				TARGETED_DEVICE_FAMILY = "1,2";
				TEST_TARGET_NAME = TodoApp;
			};
			name = Debug;
		};
		FBD72B9627A6C543006ED9E3 /* Release */ = {
			isa = XCBuildConfiguration;
			buildSettings = {
				ALWAYS_EMBED_SWIFT_STANDARD_LIBRARIES = YES;
				CODE_SIGN_STYLE = Automatic;
				CURRENT_PROJECT_VERSION = 1;
				GENERATE_INFOPLIST_FILE = YES;
				LD_RUNPATH_SEARCH_PATHS = (
					"$(inherited)",
					"@executable_path/Frameworks",
					"@loader_path/Frameworks",
				);
				MARKETING_VERSION = 1.0;
				PRODUCT_BUNDLE_IDENTIFIER = com.hwijin.TodoAppUITests;
				PRODUCT_NAME = "$(TARGET_NAME)";
				SWIFT_EMIT_LOC_STRINGS = NO;
				SWIFT_VERSION = 5.0;
				TARGETED_DEVICE_FAMILY = "1,2";
				TEST_TARGET_NAME = TodoApp;
			};
			name = Release;
		};
/* End XCBuildConfiguration section */

/* Begin XCConfigurationList section */
		FBD72B6527A6C542006ED9E3 /* Build configuration list for PBXProject "TodoApp" */ = {
			isa = XCConfigurationList;
			buildConfigurations = (
				FBD72B8C27A6C543006ED9E3 /* Debug */,
				FBD72B8D27A6C543006ED9E3 /* Release */,
			);
			defaultConfigurationIsVisible = 0;
			defaultConfigurationName = Release;
		};
		FBD72B8E27A6C543006ED9E3 /* Build configuration list for PBXNativeTarget "TodoApp" */ = {
			isa = XCConfigurationList;
			buildConfigurations = (
				FBD72B8F27A6C543006ED9E3 /* Debug */,
				FBD72B9027A6C543006ED9E3 /* Release */,
			);
			defaultConfigurationIsVisible = 0;
			defaultConfigurationName = Release;
		};
		FBD72B9127A6C543006ED9E3 /* Build configuration list for PBXNativeTarget "TodoAppTests" */ = {
			isa = XCConfigurationList;
			buildConfigurations = (
				FBD72B9227A6C543006ED9E3 /* Debug */,
				FBD72B9327A6C543006ED9E3 /* Release */,
			);
			defaultConfigurationIsVisible = 0;
			defaultConfigurationName = Release;
		};
		FBD72B9427A6C543006ED9E3 /* Build configuration list for PBXNativeTarget "TodoAppUITests" */ = {
			isa = XCConfigurationList;
			buildConfigurations = (
				FBD72B9527A6C543006ED9E3 /* Debug */,
				FBD72B9627A6C543006ED9E3 /* Release */,
			);
			defaultConfigurationIsVisible = 0;
			defaultConfigurationName = Release;
		};
/* End XCConfigurationList section */
	};
	rootObject = FBD72B6227A6C542006ED9E3 /* Project object */;
}
