// !$*UTF8*$!
{
	archiveVersion = 1;
	classes = {
	};
	objectVersion = 55;
	objects = {

/* Begin PBXBuildFile section */
		FBB5E829274CD7AF0053EE5C /* PaperScrollAnimationApp.swift in Sources */ = {isa = PBXBuildFile; fileRef = FBB5E828274CD7AF0053EE5C /* PaperScrollAnimationApp.swift */; };
		FBB5E82B274CD7AF0053EE5C /* ContentView.swift in Sources */ = {isa = PBXBuildFile; fileRef = FBB5E82A274CD7AF0053EE5C /* ContentView.swift */; };
		FBB5E82D274CD7AF0053EE5C /* Assets.xcassets in Resources */ = {isa = PBXBuildFile; fileRef = FBB5E82C274CD7AF0053EE5C /* Assets.xcassets */; };
		FBB5E830274CD7AF0053EE5C /* Preview Assets.xcassets in Resources */ = {isa = PBXBuildFile; fileRef = FBB5E82F274CD7AF0053EE5C /* Preview Assets.xcassets */; };
		FBB5E83A274CD7B00053EE5C /* PaperScrollAnimationTests.swift in Sources */ = {isa = PBXBuildFile; fileRef = FBB5E839274CD7B00053EE5C /* PaperScrollAnimationTests.swift */; };
		FBB5E844274CD7B00053EE5C /* PaperScrollAnimationUITests.swift in Sources */ = {isa = PBXBuildFile; fileRef = FBB5E843274CD7B00053EE5C /* PaperScrollAnimationUITests.swift */; };
		FBB5E846274CD7B00053EE5C /* PaperScrollAnimationUITestsLaunchTests.swift in Sources */ = {isa = PBXBuildFile; fileRef = FBB5E845274CD7B00053EE5C /* PaperScrollAnimationUITestsLaunchTests.swift */; };
		FBB5E855274CD7D10053EE5C /* Letter.swift in Sources */ = {isa = PBXBuildFile; fileRef = FBB5E854274CD7D10053EE5C /* Letter.swift */; };
		FBB5E859274CD8830053EE5C /* Home.swift in Sources */ = {isa = PBXBuildFile; fileRef = FBB5E858274CD8830053EE5C /* Home.swift */; };
		FBB5E85B274CDD500053EE5C /* OffsetModifier.swift in Sources */ = {isa = PBXBuildFile; fileRef = FBB5E85A274CDD500053EE5C /* OffsetModifier.swift */; };
/* End PBXBuildFile section */

/* Begin PBXContainerItemProxy section */
		FBB5E836274CD7B00053EE5C /* PBXContainerItemProxy */ = {
			isa = PBXContainerItemProxy;
			containerPortal = FBB5E81D274CD7AF0053EE5C /* Project object */;
			proxyType = 1;
			remoteGlobalIDString = FBB5E824274CD7AF0053EE5C;
			remoteInfo = PaperScrollAnimation;
		};
		FBB5E840274CD7B00053EE5C /* PBXContainerItemProxy */ = {
			isa = PBXContainerItemProxy;
			containerPortal = FBB5E81D274CD7AF0053EE5C /* Project object */;
			proxyType = 1;
			remoteGlobalIDString = FBB5E824274CD7AF0053EE5C;
			remoteInfo = PaperScrollAnimation;
		};
/* End PBXContainerItemProxy section */

/* Begin PBXFileReference section */
		FBB5E825274CD7AF0053EE5C /* PaperScrollAnimation.app */ = {isa = PBXFileReference; explicitFileType = wrapper.application; includeInIndex = 0; path = PaperScrollAnimation.app; sourceTree = BUILT_PRODUCTS_DIR; };
		FBB5E828274CD7AF0053EE5C /* PaperScrollAnimationApp.swift */ = {isa = PBXFileReference; lastKnownFileType = sourcecode.swift; path = PaperScrollAnimationApp.swift; sourceTree = "<group>"; };
		FBB5E82A274CD7AF0053EE5C /* ContentView.swift */ = {isa = PBXFileReference; lastKnownFileType = sourcecode.swift; path = ContentView.swift; sourceTree = "<group>"; };
		FBB5E82C274CD7AF0053EE5C /* Assets.xcassets */ = {isa = PBXFileReference; lastKnownFileType = folder.assetcatalog; path = Assets.xcassets; sourceTree = "<group>"; };
		FBB5E82F274CD7AF0053EE5C /* Preview Assets.xcassets */ = {isa = PBXFileReference; lastKnownFileType = folder.assetcatalog; path = "Preview Assets.xcassets"; sourceTree = "<group>"; };
		FBB5E835274CD7B00053EE5C /* PaperScrollAnimationTests.xctest */ = {isa = PBXFileReference; explicitFileType = wrapper.cfbundle; includeInIndex = 0; path = PaperScrollAnimationTests.xctest; sourceTree = BUILT_PRODUCTS_DIR; };
		FBB5E839274CD7B00053EE5C /* PaperScrollAnimationTests.swift */ = {isa = PBXFileReference; lastKnownFileType = sourcecode.swift; path = PaperScrollAnimationTests.swift; sourceTree = "<group>"; };
		FBB5E83F274CD7B00053EE5C /* PaperScrollAnimationUITests.xctest */ = {isa = PBXFileReference; explicitFileType = wrapper.cfbundle; includeInIndex = 0; path = PaperScrollAnimationUITests.xctest; sourceTree = BUILT_PRODUCTS_DIR; };
		FBB5E843274CD7B00053EE5C /* PaperScrollAnimationUITests.swift */ = {isa = PBXFileReference; lastKnownFileType = sourcecode.swift; path = PaperScrollAnimationUITests.swift; sourceTree = "<group>"; };
		FBB5E845274CD7B00053EE5C /* PaperScrollAnimationUITestsLaunchTests.swift */ = {isa = PBXFileReference; lastKnownFileType = sourcecode.swift; path = PaperScrollAnimationUITestsLaunchTests.swift; sourceTree = "<group>"; };
		FBB5E854274CD7D10053EE5C /* Letter.swift */ = {isa = PBXFileReference; lastKnownFileType = sourcecode.swift; path = Letter.swift; sourceTree = "<group>"; };
		FBB5E858274CD8830053EE5C /* Home.swift */ = {isa = PBXFileReference; lastKnownFileType = sourcecode.swift; path = Home.swift; sourceTree = "<group>"; };
		FBB5E85A274CDD500053EE5C /* OffsetModifier.swift */ = {isa = PBXFileReference; lastKnownFileType = sourcecode.swift; path = OffsetModifier.swift; sourceTree = "<group>"; };
/* End PBXFileReference section */

/* Begin PBXFrameworksBuildPhase section */
		FBB5E822274CD7AF0053EE5C /* Frameworks */ = {
			isa = PBXFrameworksBuildPhase;
			buildActionMask = 2147483647;
			files = (
			);
			runOnlyForDeploymentPostprocessing = 0;
		};
		FBB5E832274CD7B00053EE5C /* Frameworks */ = {
			isa = PBXFrameworksBuildPhase;
			buildActionMask = 2147483647;
			files = (
			);
			runOnlyForDeploymentPostprocessing = 0;
		};
		FBB5E83C274CD7B00053EE5C /* Frameworks */ = {
			isa = PBXFrameworksBuildPhase;
			buildActionMask = 2147483647;
			files = (
			);
			runOnlyForDeploymentPostprocessing = 0;
		};
/* End PBXFrameworksBuildPhase section */

/* Begin PBXGroup section */
		FBB5E81C274CD7AF0053EE5C = {
			isa = PBXGroup;
			children = (
				FBB5E853274CD7C20053EE5C /* View */,
				FBB5E852274CD7B70053EE5C /* Model */,
				FBB5E827274CD7AF0053EE5C /* PaperScrollAnimation */,
				FBB5E838274CD7B00053EE5C /* PaperScrollAnimationTests */,
				FBB5E842274CD7B00053EE5C /* PaperScrollAnimationUITests */,
				FBB5E826274CD7AF0053EE5C /* Products */,
			);
			sourceTree = "<group>";
		};
		FBB5E826274CD7AF0053EE5C /* Products */ = {
			isa = PBXGroup;
			children = (
				FBB5E825274CD7AF0053EE5C /* PaperScrollAnimation.app */,
				FBB5E835274CD7B00053EE5C /* PaperScrollAnimationTests.xctest */,
				FBB5E83F274CD7B00053EE5C /* PaperScrollAnimationUITests.xctest */,
			);
			name = Products;
			sourceTree = "<group>";
		};
		FBB5E827274CD7AF0053EE5C /* PaperScrollAnimation */ = {
			isa = PBXGroup;
			children = (
				FBB5E828274CD7AF0053EE5C /* PaperScrollAnimationApp.swift */,
				FBB5E82A274CD7AF0053EE5C /* ContentView.swift */,
				FBB5E82C274CD7AF0053EE5C /* Assets.xcassets */,
				FBB5E82E274CD7AF0053EE5C /* Preview Content */,
			);
			path = PaperScrollAnimation;
			sourceTree = "<group>";
		};
		FBB5E82E274CD7AF0053EE5C /* Preview Content */ = {
			isa = PBXGroup;
			children = (
				FBB5E82F274CD7AF0053EE5C /* Preview Assets.xcassets */,
			);
			path = "Preview Content";
			sourceTree = "<group>";
		};
		FBB5E838274CD7B00053EE5C /* PaperScrollAnimationTests */ = {
			isa = PBXGroup;
			children = (
				FBB5E839274CD7B00053EE5C /* PaperScrollAnimationTests.swift */,
			);
			path = PaperScrollAnimationTests;
			sourceTree = "<group>";
		};
		FBB5E842274CD7B00053EE5C /* PaperScrollAnimationUITests */ = {
			isa = PBXGroup;
			children = (
				FBB5E843274CD7B00053EE5C /* PaperScrollAnimationUITests.swift */,
				FBB5E845274CD7B00053EE5C /* PaperScrollAnimationUITestsLaunchTests.swift */,
			);
			path = PaperScrollAnimationUITests;
			sourceTree = "<group>";
		};
		FBB5E852274CD7B70053EE5C /* Model */ = {
			isa = PBXGroup;
			children = (
				FBB5E854274CD7D10053EE5C /* Letter.swift */,
			);
			path = Model;
			sourceTree = "<group>";
		};
		FBB5E853274CD7C20053EE5C /* View */ = {
			isa = PBXGroup;
			children = (
				FBB5E858274CD8830053EE5C /* Home.swift */,
				FBB5E85A274CDD500053EE5C /* OffsetModifier.swift */,
			);
			path = View;
			sourceTree = "<group>";
		};
/* End PBXGroup section */

/* Begin PBXNativeTarget section */
		FBB5E824274CD7AF0053EE5C /* PaperScrollAnimation */ = {
			isa = PBXNativeTarget;
			buildConfigurationList = FBB5E849274CD7B00053EE5C /* Build configuration list for PBXNativeTarget "PaperScrollAnimation" */;
			buildPhases = (
				FBB5E821274CD7AF0053EE5C /* Sources */,
				FBB5E822274CD7AF0053EE5C /* Frameworks */,
				FBB5E823274CD7AF0053EE5C /* Resources */,
			);
			buildRules = (
			);
			dependencies = (
			);
			name = PaperScrollAnimation;
			productName = PaperScrollAnimation;
			productReference = FBB5E825274CD7AF0053EE5C /* PaperScrollAnimation.app */;
			productType = "com.apple.product-type.application";
		};
		FBB5E834274CD7B00053EE5C /* PaperScrollAnimationTests */ = {
			isa = PBXNativeTarget;
			buildConfigurationList = FBB5E84C274CD7B00053EE5C /* Build configuration list for PBXNativeTarget "PaperScrollAnimationTests" */;
			buildPhases = (
				FBB5E831274CD7B00053EE5C /* Sources */,
				FBB5E832274CD7B00053EE5C /* Frameworks */,
				FBB5E833274CD7B00053EE5C /* Resources */,
			);
			buildRules = (
			);
			dependencies = (
				FBB5E837274CD7B00053EE5C /* PBXTargetDependency */,
			);
			name = PaperScrollAnimationTests;
			productName = PaperScrollAnimationTests;
			productReference = FBB5E835274CD7B00053EE5C /* PaperScrollAnimationTests.xctest */;
			productType = "com.apple.product-type.bundle.unit-test";
		};
		FBB5E83E274CD7B00053EE5C /* PaperScrollAnimationUITests */ = {
			isa = PBXNativeTarget;
			buildConfigurationList = FBB5E84F274CD7B00053EE5C /* Build configuration list for PBXNativeTarget "PaperScrollAnimationUITests" */;
			buildPhases = (
				FBB5E83B274CD7B00053EE5C /* Sources */,
				FBB5E83C274CD7B00053EE5C /* Frameworks */,
				FBB5E83D274CD7B00053EE5C /* Resources */,
			);
			buildRules = (
			);
			dependencies = (
				FBB5E841274CD7B00053EE5C /* PBXTargetDependency */,
			);
			name = PaperScrollAnimationUITests;
			productName = PaperScrollAnimationUITests;
			productReference = FBB5E83F274CD7B00053EE5C /* PaperScrollAnimationUITests.xctest */;
			productType = "com.apple.product-type.bundle.ui-testing";
		};
/* End PBXNativeTarget section */

/* Begin PBXProject section */
		FBB5E81D274CD7AF0053EE5C /* Project object */ = {
			isa = PBXProject;
			attributes = {
				BuildIndependentTargetsInParallel = 1;
				LastSwiftUpdateCheck = 1310;
				LastUpgradeCheck = 1310;
				TargetAttributes = {
					FBB5E824274CD7AF0053EE5C = {
						CreatedOnToolsVersion = 13.1;
					};
					FBB5E834274CD7B00053EE5C = {
						CreatedOnToolsVersion = 13.1;
						TestTargetID = FBB5E824274CD7AF0053EE5C;
					};
					FBB5E83E274CD7B00053EE5C = {
						CreatedOnToolsVersion = 13.1;
						TestTargetID = FBB5E824274CD7AF0053EE5C;
					};
				};
			};
			buildConfigurationList = FBB5E820274CD7AF0053EE5C /* Build configuration list for PBXProject "PaperScrollAnimation" */;
			compatibilityVersion = "Xcode 13.0";
			developmentRegion = en;
			hasScannedForEncodings = 0;
			knownRegions = (
				en,
				Base,
			);
			mainGroup = FBB5E81C274CD7AF0053EE5C;
			productRefGroup = FBB5E826274CD7AF0053EE5C /* Products */;
			projectDirPath = "";
			projectRoot = "";
			targets = (
				FBB5E824274CD7AF0053EE5C /* PaperScrollAnimation */,
				FBB5E834274CD7B00053EE5C /* PaperScrollAnimationTests */,
				FBB5E83E274CD7B00053EE5C /* PaperScrollAnimationUITests */,
			);
		};
/* End PBXProject section */

/* Begin PBXResourcesBuildPhase section */
		FBB5E823274CD7AF0053EE5C /* Resources */ = {
			isa = PBXResourcesBuildPhase;
			buildActionMask = 2147483647;
			files = (
				FBB5E830274CD7AF0053EE5C /* Preview Assets.xcassets in Resources */,
				FBB5E82D274CD7AF0053EE5C /* Assets.xcassets in Resources */,
			);
			runOnlyForDeploymentPostprocessing = 0;
		};
		FBB5E833274CD7B00053EE5C /* Resources */ = {
			isa = PBXResourcesBuildPhase;
			buildActionMask = 2147483647;
			files = (
			);
			runOnlyForDeploymentPostprocessing = 0;
		};
		FBB5E83D274CD7B00053EE5C /* Resources */ = {
			isa = PBXResourcesBuildPhase;
			buildActionMask = 2147483647;
			files = (
			);
			runOnlyForDeploymentPostprocessing = 0;
		};
/* End PBXResourcesBuildPhase section */

/* Begin PBXSourcesBuildPhase section */
		FBB5E821274CD7AF0053EE5C /* Sources */ = {
			isa = PBXSourcesBuildPhase;
			buildActionMask = 2147483647;
			files = (
				FBB5E855274CD7D10053EE5C /* Letter.swift in Sources */,
				FBB5E82B274CD7AF0053EE5C /* ContentView.swift in Sources */,
				FBB5E85B274CDD500053EE5C /* OffsetModifier.swift in Sources */,
				FBB5E859274CD8830053EE5C /* Home.swift in Sources */,
				FBB5E829274CD7AF0053EE5C /* PaperScrollAnimationApp.swift in Sources */,
			);
			runOnlyForDeploymentPostprocessing = 0;
		};
		FBB5E831274CD7B00053EE5C /* Sources */ = {
			isa = PBXSourcesBuildPhase;
			buildActionMask = 2147483647;
			files = (
				FBB5E83A274CD7B00053EE5C /* PaperScrollAnimationTests.swift in Sources */,
			);
			runOnlyForDeploymentPostprocessing = 0;
		};
		FBB5E83B274CD7B00053EE5C /* Sources */ = {
			isa = PBXSourcesBuildPhase;
			buildActionMask = 2147483647;
			files = (
				FBB5E844274CD7B00053EE5C /* PaperScrollAnimationUITests.swift in Sources */,
				FBB5E846274CD7B00053EE5C /* PaperScrollAnimationUITestsLaunchTests.swift in Sources */,
			);
			runOnlyForDeploymentPostprocessing = 0;
		};
/* End PBXSourcesBuildPhase section */

/* Begin PBXTargetDependency section */
		FBB5E837274CD7B00053EE5C /* PBXTargetDependency */ = {
			isa = PBXTargetDependency;
			target = FBB5E824274CD7AF0053EE5C /* PaperScrollAnimation */;
			targetProxy = FBB5E836274CD7B00053EE5C /* PBXContainerItemProxy */;
		};
		FBB5E841274CD7B00053EE5C /* PBXTargetDependency */ = {
			isa = PBXTargetDependency;
			target = FBB5E824274CD7AF0053EE5C /* PaperScrollAnimation */;
			targetProxy = FBB5E840274CD7B00053EE5C /* PBXContainerItemProxy */;
		};
/* End PBXTargetDependency section */

/* Begin XCBuildConfiguration section */
		FBB5E847274CD7B00053EE5C /* Debug */ = {
			isa = XCBuildConfiguration;
			buildSettings = {
				ALWAYS_SEARCH_USER_PATHS = NO;
				CLANG_ANALYZER_NONNULL = YES;
				CLANG_ANALYZER_NUMBER_OBJECT_CONVERSION = YES_AGGRESSIVE;
				CLANG_CXX_LANGUAGE_STANDARD = "gnu++17";
				CLANG_CXX_LIBRARY = "libc++";
				CLANG_ENABLE_MODULES = YES;
				CLANG_ENABLE_OBJC_ARC = YES;
				CLANG_ENABLE_OBJC_WEAK = YES;
				CLANG_WARN_BLOCK_CAPTURE_AUTORELEASING = YES;
				CLANG_WARN_BOOL_CONVERSION = YES;
				CLANG_WARN_COMMA = YES;
				CLANG_WARN_CONSTANT_CONVERSION = YES;
				CLANG_WARN_DEPRECATED_OBJC_IMPLEMENTATIONS = YES;
				CLANG_WARN_DIRECT_OBJC_ISA_USAGE = YES_ERROR;
				CLANG_WARN_DOCUMENTATION_COMMENTS = YES;
				CLANG_WARN_EMPTY_BODY = YES;
				CLANG_WARN_ENUM_CONVERSION = YES;
				CLANG_WARN_INFINITE_RECURSION = YES;
				CLANG_WARN_INT_CONVERSION = YES;
				CLANG_WARN_NON_LITERAL_NULL_CONVERSION = YES;
				CLANG_WARN_OBJC_IMPLICIT_RETAIN_SELF = YES;
				CLANG_WARN_OBJC_LITERAL_CONVERSION = YES;
				CLANG_WARN_OBJC_ROOT_CLASS = YES_ERROR;
				CLANG_WARN_QUOTED_INCLUDE_IN_FRAMEWORK_HEADER = YES;
				CLANG_WARN_RANGE_LOOP_ANALYSIS = YES;
				CLANG_WARN_STRICT_PROTOTYPES = YES;
				CLANG_WARN_SUSPICIOUS_MOVE = YES;
				CLANG_WARN_UNGUARDED_AVAILABILITY = YES_AGGRESSIVE;
				CLANG_WARN_UNREACHABLE_CODE = YES;
				CLANG_WARN__DUPLICATE_METHOD_MATCH = YES;
				COPY_PHASE_STRIP = NO;
				DEBUG_INFORMATION_FORMAT = dwarf;
				ENABLE_STRICT_OBJC_MSGSEND = YES;
				ENABLE_TESTABILITY = YES;
				GCC_C_LANGUAGE_STANDARD = gnu11;
				GCC_DYNAMIC_NO_PIC = NO;
				GCC_NO_COMMON_BLOCKS = YES;
				GCC_OPTIMIZATION_LEVEL = 0;
				GCC_PREPROCESSOR_DEFINITIONS = (
					"DEBUG=1",
					"$(inherited)",
				);
				GCC_WARN_64_TO_32_BIT_CONVERSION = YES;
				GCC_WARN_ABOUT_RETURN_TYPE = YES_ERROR;
				GCC_WARN_UNDECLARED_SELECTOR = YES;
				GCC_WARN_UNINITIALIZED_AUTOS = YES_AGGRESSIVE;
				GCC_WARN_UNUSED_FUNCTION = YES;
				GCC_WARN_UNUSED_VARIABLE = YES;
				IPHONEOS_DEPLOYMENT_TARGET = 15.0;
				MTL_ENABLE_DEBUG_INFO = INCLUDE_SOURCE;
				MTL_FAST_MATH = YES;
				ONLY_ACTIVE_ARCH = YES;
				SDKROOT = iphoneos;
				SWIFT_ACTIVE_COMPILATION_CONDITIONS = DEBUG;
				SWIFT_OPTIMIZATION_LEVEL = "-Onone";
			};
			name = Debug;
		};
		FBB5E848274CD7B00053EE5C /* Release */ = {
			isa = XCBuildConfiguration;
			buildSettings = {
				ALWAYS_SEARCH_USER_PATHS = NO;
				CLANG_ANALYZER_NONNULL = YES;
				CLANG_ANALYZER_NUMBER_OBJECT_CONVERSION = YES_AGGRESSIVE;
				CLANG_CXX_LANGUAGE_STANDARD = "gnu++17";
				CLANG_CXX_LIBRARY = "libc++";
				CLANG_ENABLE_MODULES = YES;
				CLANG_ENABLE_OBJC_ARC = YES;
				CLANG_ENABLE_OBJC_WEAK = YES;
				CLANG_WARN_BLOCK_CAPTURE_AUTORELEASING = YES;
				CLANG_WARN_BOOL_CONVERSION = YES;
				CLANG_WARN_COMMA = YES;
				CLANG_WARN_CONSTANT_CONVERSION = YES;
				CLANG_WARN_DEPRECATED_OBJC_IMPLEMENTATIONS = YES;
				CLANG_WARN_DIRECT_OBJC_ISA_USAGE = YES_ERROR;
				CLANG_WARN_DOCUMENTATION_COMMENTS = YES;
				CLANG_WARN_EMPTY_BODY = YES;
				CLANG_WARN_ENUM_CONVERSION = YES;
				CLANG_WARN_INFINITE_RECURSION = YES;
				CLANG_WARN_INT_CONVERSION = YES;
				CLANG_WARN_NON_LITERAL_NULL_CONVERSION = YES;
				CLANG_WARN_OBJC_IMPLICIT_RETAIN_SELF = YES;
				CLANG_WARN_OBJC_LITERAL_CONVERSION = YES;
				CLANG_WARN_OBJC_ROOT_CLASS = YES_ERROR;
				CLANG_WARN_QUOTED_INCLUDE_IN_FRAMEWORK_HEADER = YES;
				CLANG_WARN_RANGE_LOOP_ANALYSIS = YES;
				CLANG_WARN_STRICT_PROTOTYPES = YES;
				CLANG_WARN_SUSPICIOUS_MOVE = YES;
				CLANG_WARN_UNGUARDED_AVAILABILITY = YES_AGGRESSIVE;
				CLANG_WARN_UNREACHABLE_CODE = YES;
				CLANG_WARN__DUPLICATE_METHOD_MATCH = YES;
				COPY_PHASE_STRIP = NO;
				DEBUG_INFORMATION_FORMAT = "dwarf-with-dsym";
				ENABLE_NS_ASSERTIONS = NO;
				ENABLE_STRICT_OBJC_MSGSEND = YES;
				GCC_C_LANGUAGE_STANDARD = gnu11;
				GCC_NO_COMMON_BLOCKS = YES;
				GCC_WARN_64_TO_32_BIT_CONVERSION = YES;
				GCC_WARN_ABOUT_RETURN_TYPE = YES_ERROR;
				GCC_WARN_UNDECLARED_SELECTOR = YES;
				GCC_WARN_UNINITIALIZED_AUTOS = YES_AGGRESSIVE;
				GCC_WARN_UNUSED_FUNCTION = YES;
				GCC_WARN_UNUSED_VARIABLE = YES;
				IPHONEOS_DEPLOYMENT_TARGET = 15.0;
				MTL_ENABLE_DEBUG_INFO = NO;
				MTL_FAST_MATH = YES;
				SDKROOT = iphoneos;
				SWIFT_COMPILATION_MODE = wholemodule;
				SWIFT_OPTIMIZATION_LEVEL = "-O";
				VALIDATE_PRODUCT = YES;
			};
			name = Release;
		};
		FBB5E84A274CD7B00053EE5C /* Debug */ = {
			isa = XCBuildConfiguration;
			buildSettings = {
				ASSETCATALOG_COMPILER_APPICON_NAME = AppIcon;
				ASSETCATALOG_COMPILER_GLOBAL_ACCENT_COLOR_NAME = AccentColor;
				CODE_SIGN_STYLE = Automatic;
				CURRENT_PROJECT_VERSION = 1;
				DEVELOPMENT_ASSET_PATHS = "\"PaperScrollAnimation/Preview Content\"";
				ENABLE_PREVIEWS = YES;
				GENERATE_INFOPLIST_FILE = YES;
				INFOPLIST_KEY_UIApplicationSceneManifest_Generation = YES;
				INFOPLIST_KEY_UIApplicationSupportsIndirectInputEvents = YES;
				INFOPLIST_KEY_UILaunchScreen_Generation = YES;
				INFOPLIST_KEY_UISupportedInterfaceOrientations_iPad = "UIInterfaceOrientationPortrait UIInterfaceOrientationPortraitUpsideDown UIInterfaceOrientationLandscapeLeft UIInterfaceOrientationLandscapeRight";
				INFOPLIST_KEY_UISupportedInterfaceOrientations_iPhone = "UIInterfaceOrientationPortrait UIInterfaceOrientationLandscapeLeft UIInterfaceOrientationLandscapeRight";
				LD_RUNPATH_SEARCH_PATHS = (
					"$(inherited)",
					"@executable_path/Frameworks",
				);
				MARKETING_VERSION = 1.0;
				PRODUCT_BUNDLE_IDENTIFIER = com.hwijin.PaperScrollAnimation;
				PRODUCT_NAME = "$(TARGET_NAME)";
				SWIFT_EMIT_LOC_STRINGS = YES;
				SWIFT_VERSION = 5.0;
				TARGETED_DEVICE_FAMILY = "1,2";
			};
			name = Debug;
		};
		FBB5E84B274CD7B00053EE5C /* Release */ = {
			isa = XCBuildConfiguration;
			buildSettings = {
				ASSETCATALOG_COMPILER_APPICON_NAME = AppIcon;
				ASSETCATALOG_COMPILER_GLOBAL_ACCENT_COLOR_NAME = AccentColor;
				CODE_SIGN_STYLE = Automatic;
				CURRENT_PROJECT_VERSION = 1;
				DEVELOPMENT_ASSET_PATHS = "\"PaperScrollAnimation/Preview Content\"";
				ENABLE_PREVIEWS = YES;
				GENERATE_INFOPLIST_FILE = YES;
				INFOPLIST_KEY_UIApplicationSceneManifest_Generation = YES;
				INFOPLIST_KEY_UIApplicationSupportsIndirectInputEvents = YES;
				INFOPLIST_KEY_UILaunchScreen_Generation = YES;
				INFOPLIST_KEY_UISupportedInterfaceOrientations_iPad = "UIInterfaceOrientationPortrait UIInterfaceOrientationPortraitUpsideDown UIInterfaceOrientationLandscapeLeft UIInterfaceOrientationLandscapeRight";
				INFOPLIST_KEY_UISupportedInterfaceOrientations_iPhone = "UIInterfaceOrientationPortrait UIInterfaceOrientationLandscapeLeft UIInterfaceOrientationLandscapeRight";
				LD_RUNPATH_SEARCH_PATHS = (
					"$(inherited)",
					"@executable_path/Frameworks",
				);
				MARKETING_VERSION = 1.0;
				PRODUCT_BUNDLE_IDENTIFIER = com.hwijin.PaperScrollAnimation;
				PRODUCT_NAME = "$(TARGET_NAME)";
				SWIFT_EMIT_LOC_STRINGS = YES;
				SWIFT_VERSION = 5.0;
				TARGETED_DEVICE_FAMILY = "1,2";
			};
			name = Release;
		};
		FBB5E84D274CD7B00053EE5C /* Debug */ = {
			isa = XCBuildConfiguration;
			buildSettings = {
				ALWAYS_EMBED_SWIFT_STANDARD_LIBRARIES = YES;
				BUNDLE_LOADER = "$(TEST_HOST)";
				CODE_SIGN_STYLE = Automatic;
				CURRENT_PROJECT_VERSION = 1;
				GENERATE_INFOPLIST_FILE = YES;
				IPHONEOS_DEPLOYMENT_TARGET = 15.0;
				LD_RUNPATH_SEARCH_PATHS = (
					"$(inherited)",
					"@executable_path/Frameworks",
					"@loader_path/Frameworks",
				);
				MARKETING_VERSION = 1.0;
				PRODUCT_BUNDLE_IDENTIFIER = com.hwijin.PaperScrollAnimationTests;
				PRODUCT_NAME = "$(TARGET_NAME)";
				SWIFT_EMIT_LOC_STRINGS = NO;
				SWIFT_VERSION = 5.0;
				TARGETED_DEVICE_FAMILY = "1,2";
				TEST_HOST = "$(BUILT_PRODUCTS_DIR)/PaperScrollAnimation.app/PaperScrollAnimation";
			};
			name = Debug;
		};
		FBB5E84E274CD7B00053EE5C /* Release */ = {
			isa = XCBuildConfiguration;
			buildSettings = {
				ALWAYS_EMBED_SWIFT_STANDARD_LIBRARIES = YES;
				BUNDLE_LOADER = "$(TEST_HOST)";
				CODE_SIGN_STYLE = Automatic;
				CURRENT_PROJECT_VERSION = 1;
				GENERATE_INFOPLIST_FILE = YES;
				IPHONEOS_DEPLOYMENT_TARGET = 15.0;
				LD_RUNPATH_SEARCH_PATHS = (
					"$(inherited)",
					"@executable_path/Frameworks",
					"@loader_path/Frameworks",
				);
				MARKETING_VERSION = 1.0;
				PRODUCT_BUNDLE_IDENTIFIER = com.hwijin.PaperScrollAnimationTests;
				PRODUCT_NAME = "$(TARGET_NAME)";
				SWIFT_EMIT_LOC_STRINGS = NO;
				SWIFT_VERSION = 5.0;
				TARGETED_DEVICE_FAMILY = "1,2";
				TEST_HOST = "$(BUILT_PRODUCTS_DIR)/PaperScrollAnimation.app/PaperScrollAnimation";
			};
			name = Release;
		};
		FBB5E850274CD7B00053EE5C /* Debug */ = {
			isa = XCBuildConfiguration;
			buildSettings = {
				ALWAYS_EMBED_SWIFT_STANDARD_LIBRARIES = YES;
				CODE_SIGN_STYLE = Automatic;
				CURRENT_PROJECT_VERSION = 1;
				GENERATE_INFOPLIST_FILE = YES;
				LD_RUNPATH_SEARCH_PATHS = (
					"$(inherited)",
					"@executable_path/Frameworks",
					"@loader_path/Frameworks",
				);
				MARKETING_VERSION = 1.0;
				PRODUCT_BUNDLE_IDENTIFIER = com.hwijin.PaperScrollAnimationUITests;
				PRODUCT_NAME = "$(TARGET_NAME)";
				SWIFT_EMIT_LOC_STRINGS = NO;
				SWIFT_VERSION = 5.0;
				TARGETED_DEVICE_FAMILY = "1,2";
				TEST_TARGET_NAME = PaperScrollAnimation;
			};
			name = Debug;
		};
		FBB5E851274CD7B00053EE5C /* Release */ = {
			isa = XCBuildConfiguration;
			buildSettings = {
				ALWAYS_EMBED_SWIFT_STANDARD_LIBRARIES = YES;
				CODE_SIGN_STYLE = Automatic;
				CURRENT_PROJECT_VERSION = 1;
				GENERATE_INFOPLIST_FILE = YES;
				LD_RUNPATH_SEARCH_PATHS = (
					"$(inherited)",
					"@executable_path/Frameworks",
					"@loader_path/Frameworks",
				);
				MARKETING_VERSION = 1.0;
				PRODUCT_BUNDLE_IDENTIFIER = com.hwijin.PaperScrollAnimationUITests;
				PRODUCT_NAME = "$(TARGET_NAME)";
				SWIFT_EMIT_LOC_STRINGS = NO;
				SWIFT_VERSION = 5.0;
				TARGETED_DEVICE_FAMILY = "1,2";
				TEST_TARGET_NAME = PaperScrollAnimation;
			};
			name = Release;
		};
/* End XCBuildConfiguration section */

/* Begin XCConfigurationList section */
		FBB5E820274CD7AF0053EE5C /* Build configuration list for PBXProject "PaperScrollAnimation" */ = {
			isa = XCConfigurationList;
			buildConfigurations = (
				FBB5E847274CD7B00053EE5C /* Debug */,
				FBB5E848274CD7B00053EE5C /* Release */,
			);
			defaultConfigurationIsVisible = 0;
			defaultConfigurationName = Release;
		};
		FBB5E849274CD7B00053EE5C /* Build configuration list for PBXNativeTarget "PaperScrollAnimation" */ = {
			isa = XCConfigurationList;
			buildConfigurations = (
				FBB5E84A274CD7B00053EE5C /* Debug */,
				FBB5E84B274CD7B00053EE5C /* Release */,
			);
			defaultConfigurationIsVisible = 0;
			defaultConfigurationName = Release;
		};
		FBB5E84C274CD7B00053EE5C /* Build configuration list for PBXNativeTarget "PaperScrollAnimationTests" */ = {
			isa = XCConfigurationList;
			buildConfigurations = (
				FBB5E84D274CD7B00053EE5C /* Debug */,
				FBB5E84E274CD7B00053EE5C /* Release */,
			);
			defaultConfigurationIsVisible = 0;
			defaultConfigurationName = Release;
		};
		FBB5E84F274CD7B00053EE5C /* Build configuration list for PBXNativeTarget "PaperScrollAnimationUITests" */ = {
			isa = XCConfigurationList;
			buildConfigurations = (
				FBB5E850274CD7B00053EE5C /* Debug */,
				FBB5E851274CD7B00053EE5C /* Release */,
			);
			defaultConfigurationIsVisible = 0;
			defaultConfigurationName = Release;
		};
/* End XCConfigurationList section */
	};
	rootObject = FBB5E81D274CD7AF0053EE5C /* Project object */;
}
